
Microsoft Visual Studio Solution File, Format Version 12.00
# Visual Studio 15
VisualStudioVersion = 15.0.28307.1062
MinimumVisualStudioVersion = 10.0.40219.1
Project("{2150E333-8FDC-42A3-9474-1A3956D46DE8}") = "01. Client", "01. Client", "{0D7321E7-79BE-4F0F-BCD0-46CE0ECC157E}"
EndProject
Project("{2150E333-8FDC-42A3-9474-1A3956D46DE8}") = "02. Engine", "02. Engine", "{80640D3D-7FC5-4DDD-882D-B71FC541452D}"
	ProjectSection(SolutionItems) = preProject
		Copy.bat = Copy.bat
	EndProjectSection
EndProject
Project("{2150E333-8FDC-42A3-9474-1A3956D46DE8}") = "03. Editor", "03. Editor", "{19216D4D-FB46-467B-8D62-E2104D3CF558}"
EndProject
Project("{8BC9CEB8-8B4A-11D0-8D11-00A0C91BC942}") = "Client", "Client\Include\Client.vcxproj", "{0D787466-3808-49B6-B76A-C6AED91F3651}"
	ProjectSection(ProjectDependencies) = postProject
		{DBEEA2B5-7510-45E5-8F7E-3FA79B519BF9} = {DBEEA2B5-7510-45E5-8F7E-3FA79B519BF9}
		{1A84ADB9-7E92-49A1-BC48-9686CBBE6FC0} = {1A84ADB9-7E92-49A1-BC48-9686CBBE6FC0}
	EndProjectSection
EndProject
Project("{8BC9CEB8-8B4A-11D0-8D11-00A0C91BC942}") = "GameEngine", "GameEngine\Include\GameEngine.vcxproj", "{1A84ADB9-7E92-49A1-BC48-9686CBBE6FC0}"
EndProject
Project("{8BC9CEB8-8B4A-11D0-8D11-00A0C91BC942}") = "GameEditorTest", "GameEditorTest\Include\GameEditorTest.vcxproj", "{DBEEA2B5-7510-45E5-8F7E-3FA79B519BF9}"
EndProject
Global
	GlobalSection(SolutionConfigurationPlatforms) = preSolution
		Debug|x64 = Debug|x64
		Debug|x86 = Debug|x86
		Release|x64 = Release|x64
		Release|x86 = Release|x86
	EndGlobalSection
	GlobalSection(ProjectConfigurationPlatforms) = postSolution
		{0D787466-3808-49B6-B76A-C6AED91F3651}.Debug|x64.ActiveCfg = Debug|x64
		{0D787466-3808-49B6-B76A-C6AED91F3651}.Debug|x64.Build.0 = Debug|x64
		{0D787466-3808-49B6-B76A-C6AED91F3651}.Debug|x86.ActiveCfg = Debug|Win32
		{0D787466-3808-49B6-B76A-C6AED91F3651}.Debug|x86.Build.0 = Debug|Win32
		{0D787466-3808-49B6-B76A-C6AED91F3651}.Release|x64.ActiveCfg = Release|x64
		{0D787466-3808-49B6-B76A-C6AED91F3651}.Release|x64.Build.0 = Release|x64
		{0D787466-3808-49B6-B76A-C6AED91F3651}.Release|x86.ActiveCfg = Release|Win32
		{0D787466-3808-49B6-B76A-C6AED91F3651}.Release|x86.Build.0 = Release|Win32
		{1A84ADB9-7E92-49A1-BC48-9686CBBE6FC0}.Debug|x64.ActiveCfg = Debug|x64
		{1A84ADB9-7E92-49A1-BC48-9686CBBE6FC0}.Debug|x64.Build.0 = Debug|x64
		{1A84ADB9-7E92-49A1-BC48-9686CBBE6FC0}.Debug|x86.ActiveCfg = Debug|Win32
		{1A84ADB9-7E92-49A1-BC48-9686CBBE6FC0}.Debug|x86.Build.0 = Debug|Win32
		{1A84ADB9-7E92-49A1-BC48-9686CBBE6FC0}.Release|x64.ActiveCfg = Release|x64
		{1A84ADB9-7E92-49A1-BC48-9686CBBE6FC0}.Release|x64.Build.0 = Release|x64
		{1A84ADB9-7E92-49A1-BC48-9686CBBE6FC0}.Release|x86.ActiveCfg = Release|Win32
		{1A84ADB9-7E92-49A1-BC48-9686CBBE6FC0}.Release|x86.Build.0 = Release|Win32
		{DBEEA2B5-7510-45E5-8F7E-3FA79B519BF9}.Debug|x64.ActiveCfg = Debug|x64
		{DBEEA2B5-7510-45E5-8F7E-3FA79B519BF9}.Debug|x64.Build.0 = Debug|x64
		{DBEEA2B5-7510-45E5-8F7E-3FA79B519BF9}.Debug|x86.ActiveCfg = Debug|Win32
		{DBEEA2B5-7510-45E5-8F7E-3FA79B519BF9}.Debug|x86.Build.0 = Debug|Win32
		{DBEEA2B5-7510-45E5-8F7E-3FA79B519BF9}.Release|x64.ActiveCfg = Release|x64
		{DBEEA2B5-7510-45E5-8F7E-3FA79B519BF9}.Release|x64.Build.0 = Release|x64
		{DBEEA2B5-7510-45E5-8F7E-3FA79B519BF9}.Release|x86.ActiveCfg = Release|Win32
		{DBEEA2B5-7510-45E5-8F7E-3FA79B519BF9}.Release|x86.Build.0 = Release|Win32
	EndGlobalSection
	GlobalSection(SolutionProperties) = preSolution
		HideSolutionNode = FALSE
	EndGlobalSection
	GlobalSection(NestedProjects) = preSolution
		{0D787466-3808-49B6-B76A-C6AED91F3651} = {0D7321E7-79BE-4F0F-BCD0-46CE0ECC157E}
		{1A84ADB9-7E92-49A1-BC48-9686CBBE6FC0} = {80640D3D-7FC5-4DDD-882D-B71FC541452D}
		{DBEEA2B5-7510-45E5-8F7E-3FA79B519BF9} = {19216D4D-FB46-467B-8D62-E2104D3CF558}
	EndGlobalSection
	GlobalSection(ExtensibilityGlobals) = postSolution
		SolutionGuid = {2579B8BD-E4A7-46C4-9C69-ACC986806D23}
	EndGlobalSection
EndGlobal
