<?xml version="1.0" encoding="utf-8"?>
<Project ToolsVersion="4.0" xmlns="http://schemas.microsoft.com/developer/msbuild/2003">
  <ItemGroup>
    <Filter Include="소스 파일">
      <UniqueIdentifier>{4FC737F1-C7A5-4376-A066-2A32D752A2FF}</UniqueIdentifier>
      <Extensions>cpp;c;cc;cxx;def;odl;idl;hpj;bat;asm;asmx</Extensions>
    </Filter>
    <Filter Include="헤더 파일">
      <UniqueIdentifier>{93995380-89BD-4b04-88EB-625FBE52EBFB}</UniqueIdentifier>
      <Extensions>h;hh;hpp;hxx;hm;inl;inc;ipp;xsd</Extensions>
    </Filter>
    <Filter Include="리소스 파일">
      <UniqueIdentifier>{67DA6AB6-F800-4c08-8B7A-83BB121AAD01}</UniqueIdentifier>
      <Extensions>rc;ico;cur;bmp;dlg;rc2;rct;bin;rgs;gif;jpg;jpeg;jpe;resx;tiff;tif;png;wav;mfcribbon-ms</Extensions>
    </Filter>
    <Filter Include="01. GameMode">
      <UniqueIdentifier>{a99c68ee-ccb1-4a3a-849c-cb9a77f8469a}</UniqueIdentifier>
    </Filter>
    <Filter Include="02. Object">
      <UniqueIdentifier>{b88aec31-b45c-4ec8-83a8-bc70ab984812}</UniqueIdentifier>
    </Filter>
    <Filter Include="02. Object\Player">
      <UniqueIdentifier>{ce13953e-44e6-4785-8a20-782142d2b406}</UniqueIdentifier>
    </Filter>
    <Filter Include="02. Object\Effect">
      <UniqueIdentifier>{8cf972a0-d582-4e2a-bd10-cf8b6d1f2c3e}</UniqueIdentifier>
    </Filter>
    <Filter Include="02. Object\Map">
      <UniqueIdentifier>{c6dba994-95a0-40a5-8536-21eaabfa73b5}</UniqueIdentifier>
    </Filter>
    <Filter Include="02. Object\Monster">
      <UniqueIdentifier>{a6ff376f-b80e-4bd0-b885-f1ec61dcdde4}</UniqueIdentifier>
    </Filter>
    <Filter Include="02. Object\Test">
      <UniqueIdentifier>{ba1b0cd8-e8a7-47c9-b99a-84084ec9eb09}</UniqueIdentifier>
    </Filter>
    <Filter Include="02. Object\UI">
      <UniqueIdentifier>{814bf397-c5c4-40cf-a9c9-a3777462f9d3}</UniqueIdentifier>
    </Filter>
    <Filter Include="03. Manager">
      <UniqueIdentifier>{cb385ac1-79f6-40cb-a98f-ae51db420739}</UniqueIdentifier>
    </Filter>
    <Filter Include="01. GameMode\Stage">
      <UniqueIdentifier>{47ee6db4-5d0d-4e72-8abc-4b45a944f8a4}</UniqueIdentifier>
    </Filter>
    <Filter Include="01. GameMode\Title">
      <UniqueIdentifier>{743d82d4-2df2-4e67-9498-36405cdf23b0}</UniqueIdentifier>
    </Filter>
    <Filter Include="04. Sound">
      <UniqueIdentifier>{e961c8d6-c57d-4b0a-b7b7-92cd093a299a}</UniqueIdentifier>
    </Filter>
    <Filter Include="02. Object\Item">
      <UniqueIdentifier>{e18d94b5-e15e-4a01-bb76-6b73ce892ec4}</UniqueIdentifier>
    </Filter>
  </ItemGroup>
  <ItemGroup>
    <ClCompile Include="main.cpp">
      <Filter>소스 파일</Filter>
    </ClCompile>
    <ClCompile Include="Object\MainMap.cpp">
      <Filter>02. Object</Filter>
    </ClCompile>
    <ClCompile Include="Object\Title.cpp">
      <Filter>02. Object</Filter>
    </ClCompile>
    <ClCompile Include="Object\TestObject.cpp">
      <Filter>02. Object\Test</Filter>
    </ClCompile>
    <ClCompile Include="Object\TestPixelCollision.cpp">
      <Filter>02. Object\Test</Filter>
    </ClCompile>
    <ClCompile Include="Object\ChildObj.cpp">
      <Filter>02. Object\Test</Filter>
    </ClCompile>
    <ClCompile Include="Object\Bullet.cpp">
      <Filter>02. Object\Effect</Filter>
    </ClCompile>
    <ClCompile Include="Object\Minion.cpp">
      <Filter>02. Object\Test</Filter>
    </ClCompile>
    <ClCompile Include="Object\Player.cpp">
      <Filter>02. Object\Player</Filter>
    </ClCompile>
    <ClCompile Include="Object\PlayerLife.cpp">
      <Filter>02. Object\Player</Filter>
    </ClCompile>
    <ClCompile Include="Object\Monster.cpp">
      <Filter>02. Object\Monster</Filter>
    </ClCompile>
    <ClCompile Include="Object\WaddleDee.cpp">
      <Filter>02. Object\Monster</Filter>
    </ClCompile>
    <ClCompile Include="Object\StartButton.cpp">
      <Filter>02. Object\Test</Filter>
    </ClCompile>
    <ClCompile Include="Object\TestBar.cpp">
      <Filter>02. Object\Test</Filter>
    </ClCompile>
    <ClCompile Include="Object\TestButton.cpp">
      <Filter>02. Object\Test</Filter>
    </ClCompile>
    <ClCompile Include="Object\PlayerHpBar.cpp">
      <Filter>02. Object\UI</Filter>
    </ClCompile>
    <ClCompile Include="Object\PhoneCallUI.cpp">
      <Filter>02. Object\UI</Filter>
    </ClCompile>
    <ClCompile Include="GameMode\StartGameMode.cpp">
      <Filter>01. GameMode\Title</Filter>
    </ClCompile>
    <ClCompile Include="Object\Stage1Map.cpp">
      <Filter>02. Object\Map</Filter>
    </ClCompile>
    <ClCompile Include="Object\StartMap.cpp">
      <Filter>02. Object\Map</Filter>
    </ClCompile>
    <ClCompile Include="GameMode\Stage1Mode.cpp">
      <Filter>01. GameMode\Stage</Filter>
    </ClCompile>
    <ClCompile Include="Object\MapObstacle.cpp">
      <Filter>02. Object\Map</Filter>
    </ClCompile>
    <ClCompile Include="Object\Leap.cpp">
      <Filter>02. Object\Monster</Filter>
    </ClCompile>
    <ClCompile Include="GameMode\Stage2Mode.cpp">
      <Filter>01. GameMode\Stage</Filter>
    </ClCompile>
    <ClCompile Include="Object\Stage2Map.cpp">
      <Filter>02. Object\Map</Filter>
    </ClCompile>
    <ClCompile Include="Object\Stage3Map.cpp">
      <Filter>02. Object\Map</Filter>
    </ClCompile>
    <ClCompile Include="GameMode\Stage3Mode.cpp">
      <Filter>01. GameMode\Stage</Filter>
    </ClCompile>
    <ClCompile Include="GameMode\MenuMode.cpp">
      <Filter>01. GameMode\Stage</Filter>
    </ClCompile>
    <ClCompile Include="Object\MagicMirror.cpp">
      <Filter>02. Object\Map</Filter>
    </ClCompile>
    <ClCompile Include="Object\Effect.cpp">
      <Filter>02. Object\Effect</Filter>
    </ClCompile>
    <ClCompile Include="Object\EffectSoundObj.cpp">
      <Filter>04. Sound</Filter>
    </ClCompile>
    <ClCompile Include="Object\MapBlock.cpp">
      <Filter>02. Object\Map</Filter>
    </ClCompile>
    <ClCompile Include="Object\BGMObj.cpp">
      <Filter>04. Sound</Filter>
    </ClCompile>
    <ClCompile Include="Object\CItem.cpp">
      <Filter>소스 파일</Filter>
    </ClCompile>
    <ClCompile Include="InformationSave.cpp">
      <Filter>소스 파일</Filter>
    </ClCompile>
    <ClCompile Include="GameMode\EndingMode.cpp">
      <Filter>01. GameMode\Stage</Filter>
    </ClCompile>
  </ItemGroup>
  <ItemGroup>
    <ClInclude Include="resource.h">
      <Filter>헤더 파일</Filter>
    </ClInclude>
    <ClInclude Include="Object\MainMap.h">
      <Filter>02. Object</Filter>
    </ClInclude>
    <ClInclude Include="Object\Title.h">
      <Filter>02. Object</Filter>
    </ClInclude>
    <ClInclude Include="Object\TestPixelCollision.h">
      <Filter>02. Object\Test</Filter>
    </ClInclude>
    <ClInclude Include="Object\TestObject.h">
      <Filter>02. Object\Test</Filter>
    </ClInclude>
    <ClInclude Include="Object\ChildObj.h">
      <Filter>02. Object\Test</Filter>
    </ClInclude>
    <ClInclude Include="Object\Bullet.h">
      <Filter>02. Object\Effect</Filter>
    </ClInclude>
    <ClInclude Include="Object\Minion.h">
      <Filter>02. Object\Test</Filter>
    </ClInclude>
    <ClInclude Include="Object\Player.h">
      <Filter>02. Object\Player</Filter>
    </ClInclude>
    <ClInclude Include="Object\PlayerLife.h">
      <Filter>02. Object\Player</Filter>
    </ClInclude>
    <ClInclude Include="Object\Monster.h">
      <Filter>02. Object\Monster</Filter>
    </ClInclude>
    <ClInclude Include="Object\WaddleDee.h">
      <Filter>02. Object\Monster</Filter>
    </ClInclude>
    <ClInclude Include="Object\StartButton.h">
      <Filter>02. Object\Test</Filter>
    </ClInclude>
    <ClInclude Include="Object\TestBar.h">
      <Filter>02. Object\Test</Filter>
    </ClInclude>
    <ClInclude Include="Object\TestButton.h">
      <Filter>02. Object\Test</Filter>
    </ClInclude>
    <ClInclude Include="Object\PlayerHpBar.h">
      <Filter>02. Object\UI</Filter>
    </ClInclude>
    <ClInclude Include="Object\PhoneCallUI.h">
      <Filter>02. Object\UI</Filter>
    </ClInclude>
    <ClInclude Include="GameMode\StartGameMode.h">
      <Filter>01. GameMode\Title</Filter>
    </ClInclude>
    <ClInclude Include="Object\Stage1Map.h">
      <Filter>02. Object\Map</Filter>
    </ClInclude>
    <ClInclude Include="Object\StartMap.h">
      <Filter>02. Object\Map</Filter>
    </ClInclude>
    <ClInclude Include="Object\MapObstacle.h">
      <Filter>02. Object\Map</Filter>
    </ClInclude>
    <ClInclude Include="Object\Leap.h">
      <Filter>02. Object\Monster</Filter>
    </ClInclude>
    <ClInclude Include="GameMode\Stage2Mode.h">
      <Filter>01. GameMode\Stage</Filter>
    </ClInclude>
    <ClInclude Include="Object\Stage2Map.h">
      <Filter>02. Object\Map</Filter>
    </ClInclude>
    <ClInclude Include="GameMode\Stage3Mode.h">
      <Filter>01. GameMode\Stage</Filter>
    </ClInclude>
    <ClInclude Include="Object\Stage3Map.h">
      <Filter>02. Object\Map</Filter>
    </ClInclude>
    <ClInclude Include="GameMode\Stage1Mode.h">
      <Filter>01. GameMode\Stage</Filter>
    </ClInclude>
    <ClInclude Include="GameMode\MenuMode.h">
      <Filter>01. GameMode\Stage</Filter>
    </ClInclude>
    <ClInclude Include="Object\MagicMirror.h">
      <Filter>02. Object\Map</Filter>
    </ClInclude>
    <ClInclude Include="Object\Effect.h">
      <Filter>02. Object\Effect</Filter>
    </ClInclude>
    <ClInclude Include="Object\EffectSoundObj.h">
      <Filter>04. Sound</Filter>
    </ClInclude>
    <ClInclude Include="Object\MapBlock.h">
      <Filter>02. Object\Map</Filter>
    </ClInclude>
    <ClInclude Include="Object\BGMObj.h">
      <Filter>04. Sound</Filter>
    </ClInclude>
    <ClInclude Include="Client.h">
      <Filter>02. Object\Item</Filter>
    </ClInclude>
    <ClInclude Include="Object\CItem.h">
      <Filter>02. Object\Item</Filter>
    </ClInclude>
    <ClInclude Include="InformationSave.h">
      <Filter>헤더 파일</Filter>
    </ClInclude>
    <ClInclude Include="GameMode\EndingMode.h">
      <Filter>01. GameMode\Stage</Filter>
    </ClInclude>
  </ItemGroup>
  <ItemGroup>
    <ResourceCompile Include="Client.rc">
      <Filter>리소스 파일</Filter>
    </ResourceCompile>
  </ItemGroup>
  <ItemGroup>
    <Image Include="icon1.ico">
      <Filter>리소스 파일</Filter>
    </Image>
  </ItemGroup>
</Project>